// !$*UTF8*$!
{
	archiveVersion = 1;
	classes = {
	};
	objectVersion = 56;
	objects = {

/* Begin PBXBuildFile section */
		540E7F3F2B289156004A8F59 /* GameOverView.swift in Sources */ = {isa = PBXBuildFile; fileRef = 540E7F3E2B289156004A8F59 /* GameOverView.swift */; };
		5437E1172B17388500EC6269 /* HowManyMultiplesQuestion.swift in Sources */ = {isa = PBXBuildFile; fileRef = 5437E1162B17388500EC6269 /* HowManyMultiplesQuestion.swift */; };
		5452C9F22B15FAD500944F8D /* FlashMathsApp.swift in Sources */ = {isa = PBXBuildFile; fileRef = 5452C9F12B15FAD500944F8D /* FlashMathsApp.swift */; };
		5452C9F42B15FAD500944F8D /* ContentView.swift in Sources */ = {isa = PBXBuildFile; fileRef = 5452C9F32B15FAD500944F8D /* ContentView.swift */; };
		5452C9F62B15FAD600944F8D /* Assets.xcassets in Resources */ = {isa = PBXBuildFile; fileRef = 5452C9F52B15FAD600944F8D /* Assets.xcassets */; };
		5452C9F92B15FAD600944F8D /* Preview Assets.xcassets in Resources */ = {isa = PBXBuildFile; fileRef = 5452C9F82B15FAD600944F8D /* Preview Assets.xcassets */; };
		5483884C2B17EB0B007762EE /* QuestionView.swift in Sources */ = {isa = PBXBuildFile; fileRef = 5483884B2B17EB0B007762EE /* QuestionView.swift */; };
		54961AE22B2350D6003BD39C /* ViewModel.swift in Sources */ = {isa = PBXBuildFile; fileRef = 54961AE12B2350D6003BD39C /* ViewModel.swift */; };
		54961AE62B239389003BD39C /* PlayingView.swift in Sources */ = {isa = PBXBuildFile; fileRef = 54961AE52B239389003BD39C /* PlayingView.swift */; };
		54961AEA2B239807003BD39C /* Styles.swift in Sources */ = {isa = PBXBuildFile; fileRef = 54961AE92B239807003BD39C /* Styles.swift */; };
		54DA02E92B288EDB000CD5DC /* MenuView.swift in Sources */ = {isa = PBXBuildFile; fileRef = 54DA02E82B288EDB000CD5DC /* MenuView.swift */; };
/* End PBXBuildFile section */

/* Begin PBXFileReference section */
		540E7F3E2B289156004A8F59 /* GameOverView.swift */ = {isa = PBXFileReference; lastKnownFileType = sourcecode.swift; path = GameOverView.swift; sourceTree = "<group>"; };
		5437E1162B17388500EC6269 /* HowManyMultiplesQuestion.swift */ = {isa = PBXFileReference; lastKnownFileType = sourcecode.swift; path = HowManyMultiplesQuestion.swift; sourceTree = "<group>"; };
		5452C9EE2B15FAD500944F8D /* FlashMaths.app */ = {isa = PBXFileReference; explicitFileType = wrapper.application; includeInIndex = 0; path = FlashMaths.app; sourceTree = BUILT_PRODUCTS_DIR; };
		5452C9F12B15FAD500944F8D /* FlashMathsApp.swift */ = {isa = PBXFileReference; lastKnownFileType = sourcecode.swift; path = FlashMathsApp.swift; sourceTree = "<group>"; };
		5452C9F32B15FAD500944F8D /* ContentView.swift */ = {isa = PBXFileReference; lastKnownFileType = sourcecode.swift; path = ContentView.swift; sourceTree = "<group>"; };
		5452C9F52B15FAD600944F8D /* Assets.xcassets */ = {isa = PBXFileReference; lastKnownFileType = folder.assetcatalog; path = Assets.xcassets; sourceTree = "<group>"; };
		5452C9F82B15FAD600944F8D /* Preview Assets.xcassets */ = {isa = PBXFileReference; lastKnownFileType = folder.assetcatalog; path = "Preview Assets.xcassets"; sourceTree = "<group>"; };
		5483884B2B17EB0B007762EE /* QuestionView.swift */ = {isa = PBXFileReference; lastKnownFileType = sourcecode.swift; path = QuestionView.swift; sourceTree = "<group>"; };
		54961AE12B2350D6003BD39C /* ViewModel.swift */ = {isa = PBXFileReference; lastKnownFileType = sourcecode.swift; path = ViewModel.swift; sourceTree = "<group>"; };
		54961AE52B239389003BD39C /* PlayingView.swift */ = {isa = PBXFileReference; lastKnownFileType = sourcecode.swift; path = PlayingView.swift; sourceTree = "<group>"; };
		54961AE92B239807003BD39C /* Styles.swift */ = {isa = PBXFileReference; lastKnownFileType = sourcecode.swift; path = Styles.swift; sourceTree = "<group>"; };
		54DA02E82B288EDB000CD5DC /* MenuView.swift */ = {isa = PBXFileReference; lastKnownFileType = sourcecode.swift; path = MenuView.swift; sourceTree = SOURCE_ROOT; };
/* End PBXFileReference section */

/* Begin PBXFrameworksBuildPhase section */
		5452C9EB2B15FAD500944F8D /* Frameworks */ = {
			isa = PBXFrameworksBuildPhase;
			buildActionMask = 2147483647;
			files = (
			);
			runOnlyForDeploymentPostprocessing = 0;
		};
/* End PBXFrameworksBuildPhase section */

/* Begin PBXGroup section */
		5452C9E52B15FAD500944F8D = {
			isa = PBXGroup;
			children = (
				5452C9F02B15FAD500944F8D /* FlashMaths */,
				5452C9EF2B15FAD500944F8D /* Products */,
			);
			sourceTree = "<group>";
		};
		5452C9EF2B15FAD500944F8D /* Products */ = {
			isa = PBXGroup;
			children = (
				5452C9EE2B15FAD500944F8D /* FlashMaths.app */,
			);
			name = Products;
			sourceTree = "<group>";
		};
		5452C9F02B15FAD500944F8D /* FlashMaths */ = {
			isa = PBXGroup;
			children = (
				54DA02E82B288EDB000CD5DC /* MenuView.swift */,
				540E7F3E2B289156004A8F59 /* GameOverView.swift */,
				54961AE52B239389003BD39C /* PlayingView.swift */,
				54961AE92B239807003BD39C /* Styles.swift */,
				5452C9F12B15FAD500944F8D /* FlashMathsApp.swift */,
				5452C9F32B15FAD500944F8D /* ContentView.swift */,
				54961AE12B2350D6003BD39C /* ViewModel.swift */,
				5437E1162B17388500EC6269 /* HowManyMultiplesQuestion.swift */,
				5483884B2B17EB0B007762EE /* QuestionView.swift */,
				5452C9F52B15FAD600944F8D /* Assets.xcassets */,
				5452C9F72B15FAD600944F8D /* Preview Content */,
			);
			path = FlashMaths;
			sourceTree = "<group>";
		};
		5452C9F72B15FAD600944F8D /* Preview Content */ = {
			isa = PBXGroup;
			children = (
				5452C9F82B15FAD600944F8D /* Preview Assets.xcassets */,
			);
			path = "Preview Content";
			sourceTree = "<group>";
		};
/* End PBXGroup section */

/* Begin PBXNativeTarget section */
		5452C9ED2B15FAD500944F8D /* FlashMaths */ = {
			isa = PBXNativeTarget;
			buildConfigurationList = 5452C9FC2B15FAD600944F8D /* Build configuration list for PBXNativeTarget "FlashMaths" */;
			buildPhases = (
				5452C9EA2B15FAD500944F8D /* Sources */,
				5452C9EB2B15FAD500944F8D /* Frameworks */,
				5452C9EC2B15FAD500944F8D /* Resources */,
			);
			buildRules = (
			);
			dependencies = (
			);
			name = FlashMaths;
			productName = FlashMaths;
			productReference = 5452C9EE2B15FAD500944F8D /* FlashMaths.app */;
			productType = "com.apple.product-type.application";
		};
/* End PBXNativeTarget section */

/* Begin PBXProject section */
		5452C9E62B15FAD500944F8D /* Project object */ = {
			isa = PBXProject;
			attributes = {
				BuildIndependentTargetsInParallel = 1;
				LastSwiftUpdateCheck = 1500;
				LastUpgradeCheck = 1500;
				TargetAttributes = {
					5452C9ED2B15FAD500944F8D = {
						CreatedOnToolsVersion = 15.0.1;
					};
				};
			};
			buildConfigurationList = 5452C9E92B15FAD500944F8D /* Build configuration list for PBXProject "FlashMaths" */;
			compatibilityVersion = "Xcode 14.0";
			developmentRegion = en;
			hasScannedForEncodings = 0;
			knownRegions = (
				en,
				Base,
			);
			mainGroup = 5452C9E52B15FAD500944F8D;
			productRefGroup = 5452C9EF2B15FAD500944F8D /* Products */;
			projectDirPath = "";
			projectRoot = "";
			targets = (
				5452C9ED2B15FAD500944F8D /* FlashMaths */,
			);
		};
/* End PBXProject section */

/* Begin PBXResourcesBuildPhase section */
		5452C9EC2B15FAD500944F8D /* Resources */ = {
			isa = PBXResourcesBuildPhase;
			buildActionMask = 2147483647;
			files = (
				5452C9F92B15FAD600944F8D /* Preview Assets.xcassets in Resources */,
				5452C9F62B15FAD600944F8D /* Assets.xcassets in Resources */,
			);
			runOnlyForDeploymentPostprocessing = 0;
		};
/* End PBXResourcesBuildPhase section */

/* Begin PBXSourcesBuildPhase section */
		5452C9EA2B15FAD500944F8D /* Sources */ = {
			isa = PBXSourcesBuildPhase;
			buildActionMask = 2147483647;
			files = (
				54961AE22B2350D6003BD39C /* ViewModel.swift in Sources */,
				54DA02E92B288EDB000CD5DC /* MenuView.swift in Sources */,
				54961AEA2B239807003BD39C /* Styles.swift in Sources */,
				5483884C2B17EB0B007762EE /* QuestionView.swift in Sources */,
				5452C9F42B15FAD500944F8D /* ContentView.swift in Sources */,
				54961AE62B239389003BD39C /* PlayingView.swift in Sources */,
				5437E1172B17388500EC6269 /* HowManyMultiplesQuestion.swift in Sources */,
				540E7F3F2B289156004A8F59 /* GameOverView.swift in Sources */,
				5452C9F22B15FAD500944F8D /* FlashMathsApp.swift in Sources */,
			);
			runOnlyForDeploymentPostprocessing = 0;
		};
/* End PBXSourcesBuildPhase section */

/* Begin XCBuildConfiguration section */
		5452C9FA2B15FAD600944F8D /* Debug */ = {
			isa = XCBuildConfiguration;
			buildSettings = {
				ALWAYS_SEARCH_USER_PATHS = NO;
				ASSETCATALOG_COMPILER_GENERATE_SWIFT_ASSET_SYMBOL_EXTENSIONS = YES;
				CLANG_ANALYZER_NONNULL = YES;
				CLANG_ANALYZER_NUMBER_OBJECT_CONVERSION = YES_AGGRESSIVE;
				CLANG_CXX_LANGUAGE_STANDARD = "gnu++20";
				CLANG_ENABLE_MODULES = YES;
				CLANG_ENABLE_OBJC_ARC = YES;
				CLANG_ENABLE_OBJC_WEAK = YES;
				CLANG_WARN_BLOCK_CAPTURE_AUTORELEASING = YES;
				CLANG_WARN_BOOL_CONVERSION = YES;
				CLANG_WARN_COMMA = YES;
				CLANG_WARN_CONSTANT_CONVERSION = YES;
				CLANG_WARN_DEPRECATED_OBJC_IMPLEMENTATIONS = YES;
				CLANG_WARN_DIRECT_OBJC_ISA_USAGE = YES_ERROR;
				CLANG_WARN_DOCUMENTATION_COMMENTS = YES;
				CLANG_WARN_EMPTY_BODY = YES;
				CLANG_WARN_ENUM_CONVERSION = YES;
				CLANG_WARN_INFINITE_RECURSION = YES;
				CLANG_WARN_INT_CONVERSION = YES;
				CLANG_WARN_NON_LITERAL_NULL_CONVERSION = YES;
				CLANG_WARN_OBJC_IMPLICIT_RETAIN_SELF = YES;
				CLANG_WARN_OBJC_LITERAL_CONVERSION = YES;
				CLANG_WARN_OBJC_ROOT_CLASS = YES_ERROR;
				CLANG_WARN_QUOTED_INCLUDE_IN_FRAMEWORK_HEADER = YES;
				CLANG_WARN_RANGE_LOOP_ANALYSIS = YES;
				CLANG_WARN_STRICT_PROTOTYPES = YES;
				CLANG_WARN_SUSPICIOUS_MOVE = YES;
				CLANG_WARN_UNGUARDED_AVAILABILITY = YES_AGGRESSIVE;
				CLANG_WARN_UNREACHABLE_CODE = YES;
				CLANG_WARN__DUPLICATE_METHOD_MATCH = YES;
				COPY_PHASE_STRIP = NO;
				DEBUG_INFORMATION_FORMAT = dwarf;
				ENABLE_STRICT_OBJC_MSGSEND = YES;
				ENABLE_TESTABILITY = YES;
				ENABLE_USER_SCRIPT_SANDBOXING = YES;
				GCC_C_LANGUAGE_STANDARD = gnu17;
				GCC_DYNAMIC_NO_PIC = NO;
				GCC_NO_COMMON_BLOCKS = YES;
				GCC_OPTIMIZATION_LEVEL = 0;
				GCC_PREPROCESSOR_DEFINITIONS = (
					"DEBUG=1",
					"$(inherited)",
				);
				GCC_WARN_64_TO_32_BIT_CONVERSION = YES;
				GCC_WARN_ABOUT_RETURN_TYPE = YES_ERROR;
				GCC_WARN_UNDECLARED_SELECTOR = YES;
				GCC_WARN_UNINITIALIZED_AUTOS = YES_AGGRESSIVE;
				GCC_WARN_UNUSED_FUNCTION = YES;
				GCC_WARN_UNUSED_VARIABLE = YES;
				IPHONEOS_DEPLOYMENT_TARGET = 17.0;
				LOCALIZATION_PREFERS_STRING_CATALOGS = YES;
				MTL_ENABLE_DEBUG_INFO = INCLUDE_SOURCE;
				MTL_FAST_MATH = YES;
				ONLY_ACTIVE_ARCH = YES;
				SDKROOT = iphoneos;
				SWIFT_ACTIVE_COMPILATION_CONDITIONS = "DEBUG $(inherited)";
				SWIFT_OPTIMIZATION_LEVEL = "-Onone";
			};
			name = Debug;
		};
		5452C9FB2B15FAD600944F8D /* Release */ = {
			isa = XCBuildConfiguration;
			buildSettings = {
				ALWAYS_SEARCH_USER_PATHS = NO;
				ASSETCATALOG_COMPILER_GENERATE_SWIFT_ASSET_SYMBOL_EXTENSIONS = YES;
				CLANG_ANALYZER_NONNULL = YES;
				CLANG_ANALYZER_NUMBER_OBJECT_CONVERSION = YES_AGGRESSIVE;
				CLANG_CXX_LANGUAGE_STANDARD = "gnu++20";
				CLANG_ENABLE_MODULES = YES;
				CLANG_ENABLE_OBJC_ARC = YES;
				CLANG_ENABLE_OBJC_WEAK = YES;
				CLANG_WARN_BLOCK_CAPTURE_AUTORELEASING = YES;
				CLANG_WARN_BOOL_CONVERSION = YES;
				CLANG_WARN_COMMA = YES;
				CLANG_WARN_CONSTANT_CONVERSION = YES;
				CLANG_WARN_DEPRECATED_OBJC_IMPLEMENTATIONS = YES;
				CLANG_WARN_DIRECT_OBJC_ISA_USAGE = YES_ERROR;
				CLANG_WARN_DOCUMENTATION_COMMENTS = YES;
				CLANG_WARN_EMPTY_BODY = YES;
				CLANG_WARN_ENUM_CONVERSION = YES;
				CLANG_WARN_INFINITE_RECURSION = YES;
				CLANG_WARN_INT_CONVERSION = YES;
				CLANG_WARN_NON_LITERAL_NULL_CONVERSION = YES;
				CLANG_WARN_OBJC_IMPLICIT_RETAIN_SELF = YES;
				CLANG_WARN_OBJC_LITERAL_CONVERSION = YES;
				CLANG_WARN_OBJC_ROOT_CLASS = YES_ERROR;
				CLANG_WARN_QUOTED_INCLUDE_IN_FRAMEWORK_HEADER = YES;
				CLANG_WARN_RANGE_LOOP_ANALYSIS = YES;
				CLANG_WARN_STRICT_PROTOTYPES = YES;
				CLANG_WARN_SUSPICIOUS_MOVE = YES;
				CLANG_WARN_UNGUARDED_AVAILABILITY = YES_AGGRESSIVE;
				CLANG_WARN_UNREACHABLE_CODE = YES;
				CLANG_WARN__DUPLICATE_METHOD_MATCH = YES;
				COPY_PHASE_STRIP = NO;
				DEBUG_INFORMATION_FORMAT = "dwarf-with-dsym";
				ENABLE_NS_ASSERTIONS = NO;
				ENABLE_STRICT_OBJC_MSGSEND = YES;
				ENABLE_USER_SCRIPT_SANDBOXING = YES;
				GCC_C_LANGUAGE_STANDARD = gnu17;
				GCC_NO_COMMON_BLOCKS = YES;
				GCC_WARN_64_TO_32_BIT_CONVERSION = YES;
				GCC_WARN_ABOUT_RETURN_TYPE = YES_ERROR;
				GCC_WARN_UNDECLARED_SELECTOR = YES;
				GCC_WARN_UNINITIALIZED_AUTOS = YES_AGGRESSIVE;
				GCC_WARN_UNUSED_FUNCTION = YES;
				GCC_WARN_UNUSED_VARIABLE = YES;
				IPHONEOS_DEPLOYMENT_TARGET = 17.0;
				LOCALIZATION_PREFERS_STRING_CATALOGS = YES;
				MTL_ENABLE_DEBUG_INFO = NO;
				MTL_FAST_MATH = YES;
				SDKROOT = iphoneos;
				SWIFT_COMPILATION_MODE = wholemodule;
				VALIDATE_PRODUCT = YES;
			};
			name = Release;
		};
		5452C9FD2B15FAD600944F8D /* Debug */ = {
			isa = XCBuildConfiguration;
			buildSettings = {
				ASSETCATALOG_COMPILER_APPICON_NAME = AppIcon;
				ASSETCATALOG_COMPILER_GLOBAL_ACCENT_COLOR_NAME = AccentColor;
				CODE_SIGN_STYLE = Automatic;
				CURRENT_PROJECT_VERSION = 1;
				DEVELOPMENT_ASSET_PATHS = "\"FlashMaths/Preview Content\"";
				DEVELOPMENT_TEAM = AVZGHFFGZD;
				ENABLE_PREVIEWS = YES;
				GENERATE_INFOPLIST_FILE = YES;
				INFOPLIST_KEY_UIApplicationSceneManifest_Generation = YES;
				INFOPLIST_KEY_UIApplicationSupportsIndirectInputEvents = YES;
				INFOPLIST_KEY_UILaunchScreen_Generation = YES;
				INFOPLIST_KEY_UISupportedInterfaceOrientations_iPad = "UIInterfaceOrientationPortrait UIInterfaceOrientationPortraitUpsideDown UIInterfaceOrientationLandscapeLeft UIInterfaceOrientationLandscapeRight";
				INFOPLIST_KEY_UISupportedInterfaceOrientations_iPhone = "UIInterfaceOrientationPortrait UIInterfaceOrientationLandscapeLeft UIInterfaceOrientationLandscapeRight";
				LD_RUNPATH_SEARCH_PATHS = (
					"$(inherited)",
					"@executable_path/Frameworks",
				);
				MARKETING_VERSION = 1.0;
				PRODUCT_BUNDLE_IDENTIFIER = robintetley.com.FlashMaths;
				PRODUCT_NAME = "$(TARGET_NAME)";
				SWIFT_EMIT_LOC_STRINGS = YES;
				SWIFT_VERSION = 5.0;
				TARGETED_DEVICE_FAMILY = "1,2";
			};
			name = Debug;
		};
		5452C9FE2B15FAD600944F8D /* Release */ = {
			isa = XCBuildConfiguration;
			buildSettings = {
				ASSETCATALOG_COMPILER_APPICON_NAME = AppIcon;
				ASSETCATALOG_COMPILER_GLOBAL_ACCENT_COLOR_NAME = AccentColor;
				CODE_SIGN_STYLE = Automatic;
				CURRENT_PROJECT_VERSION = 1;
				DEVELOPMENT_ASSET_PATHS = "\"FlashMaths/Preview Content\"";
				DEVELOPMENT_TEAM = AVZGHFFGZD;
				ENABLE_PREVIEWS = YES;
				GENERATE_INFOPLIST_FILE = YES;
				INFOPLIST_KEY_UIApplicationSceneManifest_Generation = YES;
				INFOPLIST_KEY_UIApplicationSupportsIndirectInputEvents = YES;
				INFOPLIST_KEY_UILaunchScreen_Generation = YES;
				INFOPLIST_KEY_UISupportedInterfaceOrientations_iPad = "UIInterfaceOrientationPortrait UIInterfaceOrientationPortraitUpsideDown UIInterfaceOrientationLandscapeLeft UIInterfaceOrientationLandscapeRight";
				INFOPLIST_KEY_UISupportedInterfaceOrientations_iPhone = "UIInterfaceOrientationPortrait UIInterfaceOrientationLandscapeLeft UIInterfaceOrientationLandscapeRight";
				LD_RUNPATH_SEARCH_PATHS = (
					"$(inherited)",
					"@executable_path/Frameworks",
				);
				MARKETING_VERSION = 1.0;
				PRODUCT_BUNDLE_IDENTIFIER = robintetley.com.FlashMaths;
				PRODUCT_NAME = "$(TARGET_NAME)";
				SWIFT_EMIT_LOC_STRINGS = YES;
				SWIFT_VERSION = 5.0;
				TARGETED_DEVICE_FAMILY = "1,2";
			};
			name = Release;
		};
/* End XCBuildConfiguration section */

/* Begin XCConfigurationList section */
		5452C9E92B15FAD500944F8D /* Build configuration list for PBXProject "FlashMaths" */ = {
			isa = XCConfigurationList;
			buildConfigurations = (
				5452C9FA2B15FAD600944F8D /* Debug */,
				5452C9FB2B15FAD600944F8D /* Release */,
			);
			defaultConfigurationIsVisible = 0;
			defaultConfigurationName = Release;
		};
		5452C9FC2B15FAD600944F8D /* Build configuration list for PBXNativeTarget "FlashMaths" */ = {
			isa = XCConfigurationList;
			buildConfigurations = (
				5452C9FD2B15FAD600944F8D /* Debug */,
				5452C9FE2B15FAD600944F8D /* Release */,
			);
			defaultConfigurationIsVisible = 0;
			defaultConfigurationName = Release;
		};
/* End XCConfigurationList section */
	};
	rootObject = 5452C9E62B15FAD500944F8D /* Project object */;
}
